
Microsoft Visual Studio Solution File, Format Version 12.00
# Visual Studio Version 17
VisualStudioVersion = 17.11.35208.52
MinimumVisualStudioVersion = 10.0.40219.1
Project("{FAE04EC0-301F-11D3-BF4B-00C04F79EFBC}") = "P2_BurgerMenu", "P2_BurgerMenu\P2_BurgerMenu.csproj", "{2A6E2D89-132F-422A-B547-DF86D8B964EF}"
EndProject
Global
	GlobalSection(SolutionConfigurationPlatforms) = preSolution
		Debug|Any CPU = Debug|Any CPU
		Release|Any CPU = Release|Any CPU
	EndGlobalSection
	GlobalSection(ProjectConfigurationPlatforms) = postSolution
		{2A6E2D89-132F-422A-B547-DF86D8B964EF}.Debug|Any CPU.ActiveCfg = Debug|Any CPU
		{2A6E2D89-132F-422A-B547-DF86D8B964EF}.Debug|Any CPU.Build.0 = Debug|Any CPU
		{2A6E2D89-132F-422A-B547-DF86D8B964EF}.Release|Any CPU.ActiveCfg = Release|Any CPU
		{2A6E2D89-132F-422A-B547-DF86D8B964EF}.Release|Any CPU.Build.0 = Release|Any CPU
	EndGlobalSection
	GlobalSection(SolutionProperties) = preSolution
		HideSolutionNode = FALSE
	EndGlobalSection
	GlobalSection(ExtensibilityGlobals) = postSolution
		SolutionGuid = {BB1966E1-1FF1-48C5-8DEB-8C4925D22E6B}
	EndGlobalSection
EndGlobal
